# Candidate dependency lock for Bildebank InsightFace.
# Generated by tools/update_dependency_locks.py.
# Target platform: Windows x64, CPython 3.13.
# Do not edit manually. Test before committing.
--only-binary=:all:
--require-hashes

certifi==2026.7.22 \
    --hash=sha256:62f22742b58a1a33014a2b6b706588a8d7e2a88ae7bd1a6ebe8c992928483775
charset-normalizer==3.4.9 \
    --hash=sha256:fe2c7201c642b7c308f1675355ad7ff7b66acfe3541625efe5a3ad38f29d6115
colorama==0.4.6 \
    --hash=sha256:4f1d9991f5acc0ca119f9d443620b77f9d6b33703e51011c16baf57afb285fc6
flatbuffers==25.12.19 \
    --hash=sha256:7634f50c427838bb021c2d66a3d1168e9d199b0607e6329399f04846d42e20b4
h3==4.5.0 \
    --hash=sha256:7b5ee5185d7fe5126d67a85d1bc1033bdb932e579e2b948eaaec08a43b6b40c1
idna==3.18 \
    --hash=sha256:7f952cbe720b688055e3f87de14f5c3e5fdaa8bc3928985c4077ca689de849a2
imageio==2.37.4 \
    --hash=sha256:1ab2e22c8debf700f24c3ac43e8f95f3b3a8110c83b93411e97b4b0b2cd1c7e6
insightface==1.0.1 \
    --hash=sha256:5f373f6fedbdda5cbc59a34ca386a75a2995cdaf6899402590ae9eb4308fc2e8
lazy-loader==0.5 \
    --hash=sha256:ab0ea149e9c554d4ffeeb21105ac60bed7f3b4fd69b1d2360a4add51b170b005
ml-dtypes==0.5.4 \
    --hash=sha256:f21c9219ef48ca5ee78402d5cc831bd58ea27ce89beda894428bc67a52da5328
networkx==3.6.1 \
    --hash=sha256:d47fbf302e7d9cbbb9e2555a0d267983d2aa476bac30e90dfbe5669bd57f3762
numpy==2.5.1 \
    --hash=sha256:6c3fe51bc6a16453d452997053454f309e8e0ed7b42d6b361ce4ac8c32913d74
onnx==1.22.0 \
    --hash=sha256:72ccebab3bac07215c204ce8848d42e78eaaa666badbf72d25cd359b9f269e3a
onnxruntime==1.28.0 \
    --hash=sha256:1a1a19175464665c9b8d50bc916f216cc0b569110045b7bbca8f9f290b186f58
opencv-python==5.0.0.93 \
    --hash=sha256:f90ba04b8f73bc5c3814037699739f0156f597338a98f05956c684e7c3ca10d2
packaging==26.2 \
    --hash=sha256:5fc45236b9446107ff2415ce77c807cee2862cb6fac22b8a73826d0693b0980e
pillow==12.3.0 \
    --hash=sha256:1cca606cd25738df4ed873d5ad46bbdb3d83b5cbca291f6b4ff13a4df6b0bbe8
protobuf==7.35.1 \
    --hash=sha256:230a75ddfc2de4806e56696ce9640c1cdfdb6543b7cfce98d42a4c0a0e7bdb87
requests==2.34.2 \
    --hash=sha256:2a0d60c172f83ac6ab31e4554906c0f3b3588d37b5cb939b1c061f4907e278e0
scikit-image==0.26.0 \
    --hash=sha256:ac529eb9dbd5954f9aaa2e3fe9a3fd9661bfe24e134c688587d811a0233127f1
scipy==1.18.0 \
    --hash=sha256:1afac4a847207c7ff8efd321734a50b06d0280b3b2a2c0fc2f413101747ad7c7
setuptools==83.0.0 \
    --hash=sha256:29b23c360f22f414dc7336bb39178cc7bcbf6021ed2733cde173f09dba19abb3
tifffile==2026.7.14 \
    --hash=sha256:4eb20372e76edf2c9fed922b1e3a0a0567be3560bd2008336115763bb1f3c034
tqdm==4.69.1 \
    --hash=sha256:0a654b96f7a2660cceb615b56f307ec2bef96c515409014a429a561981ab52b4
typing-extensions==4.16.0 \
    --hash=sha256:481caa481374e813c1b176ada14e97f1f67a4539ce9cfeb3f350d78d6370c2e8
urllib3==2.7.0 \
    --hash=sha256:9fb4c81ebbb1ce9531cce37674bbc6f1360472bc18ca9a553ede278ef7276897
