# Candidate dependency lock for Bildebank basis.
# Generated by tools/update_dependency_locks.py.
# Target platform: Windows x64, CPython 3.13.
# Do not edit manually. Test before committing.
--only-binary=:all:
--require-hashes

h3==4.5.0 \
    --hash=sha256:7b5ee5185d7fe5126d67a85d1bc1033bdb932e579e2b948eaaec08a43b6b40c1
numpy==2.5.1 \
    --hash=sha256:6c3fe51bc6a16453d452997053454f309e8e0ed7b42d6b361ce4ac8c32913d74
pillow==12.3.0 \
    --hash=sha256:1cca606cd25738df4ed873d5ad46bbdb3d83b5cbca291f6b4ff13a4df6b0bbe8
setuptools==83.0.0 \
    --hash=sha256:29b23c360f22f414dc7336bb39178cc7bcbf6021ed2733cde173f09dba19abb3
